
Microsoft Visual Studio Solution File, Format Version 12.00
# Visual Studio Version 17
VisualStudioVersion = 17.14.36121.58
MinimumVisualStudioVersion = 10.0.40219.1
Project("{FAE04EC0-301F-11D3-BF4B-00C04F79EFBC}") = "HostSimulator", "HostSimulator\HostSimulator.csproj", "{00E8F0D5-CFE3-45DB-BD74-47E22B9F77D2}"
EndProject
Project("{FAE04EC0-301F-11D3-BF4B-00C04F79EFBC}") = "GemManager", "GemManager\GemManager.csproj", "{6FAB2126-BCF0-457B-AFB9-6D93F82C0A06}"
EndProject
Project("{FAE04EC0-301F-11D3-BF4B-00C04F79EFBC}") = "HSMSLib", "HSMSLib\HSMSLib.csproj", "{4BF1760B-7391-4A44-B8F0-AC6B2327AB7E}"
EndProject
Project("{FAE04EC0-301F-11D3-BF4B-00C04F79EFBC}") = "EquipmentSimulator", "EquipmentSimulator\EquipmentSimulator.csproj", "{FE5774A1-0A3C-4EEE-BF75-BC65FA34076B}"
EndProject
Global
	GlobalSection(SolutionConfigurationPlatforms) = preSolution
		Debug|Any CPU = Debug|Any CPU
		Release|Any CPU = Release|Any CPU
	EndGlobalSection
	GlobalSection(ProjectConfigurationPlatforms) = postSolution
		{00E8F0D5-CFE3-45DB-BD74-47E22B9F77D2}.Debug|Any CPU.ActiveCfg = Debug|Any CPU
		{00E8F0D5-CFE3-45DB-BD74-47E22B9F77D2}.Debug|Any CPU.Build.0 = Debug|Any CPU
		{00E8F0D5-CFE3-45DB-BD74-47E22B9F77D2}.Release|Any CPU.ActiveCfg = Release|Any CPU
		{00E8F0D5-CFE3-45DB-BD74-47E22B9F77D2}.Release|Any CPU.Build.0 = Release|Any CPU
		{6FAB2126-BCF0-457B-AFB9-6D93F82C0A06}.Debug|Any CPU.ActiveCfg = Debug|Any CPU
		{6FAB2126-BCF0-457B-AFB9-6D93F82C0A06}.Debug|Any CPU.Build.0 = Debug|Any CPU
		{6FAB2126-BCF0-457B-AFB9-6D93F82C0A06}.Release|Any CPU.ActiveCfg = Release|Any CPU
		{6FAB2126-BCF0-457B-AFB9-6D93F82C0A06}.Release|Any CPU.Build.0 = Release|Any CPU
		{4BF1760B-7391-4A44-B8F0-AC6B2327AB7E}.Debug|Any CPU.ActiveCfg = Debug|Any CPU
		{4BF1760B-7391-4A44-B8F0-AC6B2327AB7E}.Debug|Any CPU.Build.0 = Debug|Any CPU
		{4BF1760B-7391-4A44-B8F0-AC6B2327AB7E}.Release|Any CPU.ActiveCfg = Release|Any CPU
		{4BF1760B-7391-4A44-B8F0-AC6B2327AB7E}.Release|Any CPU.Build.0 = Release|Any CPU
		{FE5774A1-0A3C-4EEE-BF75-BC65FA34076B}.Debug|Any CPU.ActiveCfg = Debug|Any CPU
		{FE5774A1-0A3C-4EEE-BF75-BC65FA34076B}.Debug|Any CPU.Build.0 = Debug|Any CPU
		{FE5774A1-0A3C-4EEE-BF75-BC65FA34076B}.Release|Any CPU.ActiveCfg = Release|Any CPU
		{FE5774A1-0A3C-4EEE-BF75-BC65FA34076B}.Release|Any CPU.Build.0 = Release|Any CPU
	EndGlobalSection
	GlobalSection(SolutionProperties) = preSolution
		HideSolutionNode = FALSE
	EndGlobalSection
	GlobalSection(ExtensibilityGlobals) = postSolution
		SolutionGuid = {42B00501-A801-43EB-ABDF-D5558551E6B3}
	EndGlobalSection
EndGlobal
